<?xml version="1.0" encoding="utf-8"?>
<Project ToolsVersion="4.0" xmlns="http://schemas.microsoft.com/developer/msbuild/2003">
  <ItemGroup>
    <Filter Include="소스 파일">
      <UniqueIdentifier>{4FC737F1-C7A5-4376-A066-2A32D752A2FF}</UniqueIdentifier>
      <Extensions>cpp;c;cc;cxx;c++;cppm;ixx;def;odl;idl;hpj;bat;asm;asmx</Extensions>
    </Filter>
    <Filter Include="헤더 파일">
      <UniqueIdentifier>{93995380-89BD-4b04-88EB-625FBE52EBFB}</UniqueIdentifier>
      <Extensions>h;hh;hpp;hxx;h++;hm;inl;inc;ipp;xsd</Extensions>
    </Filter>
    <Filter Include="리소스 파일">
      <UniqueIdentifier>{67DA6AB6-F800-4c08-8B7A-83BB121AAD01}</UniqueIdentifier>
      <Extensions>rc;ico;cur;bmp;dlg;rc2;rct;bin;rgs;gif;jpg;jpeg;jpe;resx;tiff;tif;png;wav;mfcribbon-ms</Extensions>
    </Filter>
    <Filter Include="헤더 파일\Headers">
      <UniqueIdentifier>{0b39ce7f-0949-4f44-a4db-0d7377e6cb99}</UniqueIdentifier>
    </Filter>
    <Filter Include="헤더 파일\Include">
      <UniqueIdentifier>{2af7e627-df9c-4a59-9adf-2b7a598c568b}</UniqueIdentifier>
    </Filter>
    <Filter Include="소스 파일\MainUpdate">
      <UniqueIdentifier>{556baa6a-31fa-43b4-9ba1-1828cf0ca8ed}</UniqueIdentifier>
    </Filter>
    <Filter Include="소스 파일\Object">
      <UniqueIdentifier>{045d2d93-fbfb-4442-b430-f40a78de633e}</UniqueIdentifier>
    </Filter>
    <Filter Include="소스 파일\Object\Player">
      <UniqueIdentifier>{bbf7392a-3153-430d-b778-a81ed5ffd572}</UniqueIdentifier>
    </Filter>
    <Filter Include="소스 파일\Object\Bullet">
      <UniqueIdentifier>{3be6b14c-a907-4cb7-85ce-6fe8cff03a39}</UniqueIdentifier>
    </Filter>
    <Filter Include="소스 파일\Object\Enemy">
      <UniqueIdentifier>{4ce893b0-5d51-4864-b2cc-c479d1a6a08c}</UniqueIdentifier>
    </Filter>
    <Filter Include="소스 파일\Manager">
      <UniqueIdentifier>{4bdd23b0-5c7e-4ec5-950b-6a219bf51616}</UniqueIdentifier>
    </Filter>
    <Filter Include="소스 파일\Manager\ObjectManager">
      <UniqueIdentifier>{235e5a82-0c1e-499b-a038-210835298b43}</UniqueIdentifier>
    </Filter>
    <Filter Include="소스 파일\Manager\SceneManager">
      <UniqueIdentifier>{d56b382c-d787-488e-abac-0611444c352b}</UniqueIdentifier>
    </Filter>
    <Filter Include="소스 파일\Manager\SceneManager\CollisionManager">
      <UniqueIdentifier>{4cfc24a1-6d1b-44c8-8ef8-83fa14fc4d9a}</UniqueIdentifier>
    </Filter>
    <Filter Include="소스 파일\Scene">
      <UniqueIdentifier>{e2334165-54ee-4684-bcf8-19113f97954c}</UniqueIdentifier>
    </Filter>
    <Filter Include="소스 파일\Scene\Stage">
      <UniqueIdentifier>{309e2332-799b-4fcc-b257-4577e5d1a2d9}</UniqueIdentifier>
    </Filter>
    <Filter Include="소스 파일\Scene\Manu">
      <UniqueIdentifier>{8d058ee0-7a8b-4ca2-812b-b07720c99c77}</UniqueIdentifier>
    </Filter>
    <Filter Include="소스 파일\Scene\Logo">
      <UniqueIdentifier>{0dddeebf-a24f-4791-8fbd-0e1f96562b14}</UniqueIdentifier>
    </Filter>
  </ItemGroup>
  <ItemGroup>
    <ClInclude Include="targetver.h">
      <Filter>헤더 파일\Headers</Filter>
    </ClInclude>
    <ClInclude Include="framework.h">
      <Filter>헤더 파일\Headers</Filter>
    </ClInclude>
    <ClInclude Include="Resource.h">
      <Filter>헤더 파일\Headers</Filter>
    </ClInclude>
    <ClInclude Include="SeopStd.h">
      <Filter>헤더 파일\Headers</Filter>
    </ClInclude>
    <ClInclude Include="MainUpdate.h">
      <Filter>소스 파일\MainUpdate</Filter>
    </ClInclude>
    <ClInclude Include="Define.h">
      <Filter>헤더 파일\Include</Filter>
    </ClInclude>
    <ClInclude Include="Include.h">
      <Filter>헤더 파일\Include</Filter>
    </ClInclude>
    <ClInclude Include="GameObject.h">
      <Filter>소스 파일\Object</Filter>
    </ClInclude>
    <ClInclude Include="Structs.h">
      <Filter>헤더 파일\Include</Filter>
    </ClInclude>
    <ClInclude Include="Player.h">
      <Filter>소스 파일\Object\Player</Filter>
    </ClInclude>
    <ClInclude Include="Bullet.h">
      <Filter>소스 파일\Object\Bullet</Filter>
    </ClInclude>
    <ClInclude Include="Enemy.h">
      <Filter>소스 파일\Object\Enemy</Filter>
    </ClInclude>
    <ClInclude Include="ObjectManager.h">
      <Filter>소스 파일\Manager\ObjectManager</Filter>
    </ClInclude>
    <ClInclude Include="CollisionManager.h">
      <Filter>소스 파일\Manager\SceneManager\CollisionManager</Filter>
    </ClInclude>
    <ClInclude Include="SceneManager.h">
      <Filter>소스 파일\Manager\SceneManager</Filter>
    </ClInclude>
    <ClInclude Include="Enum.h">
      <Filter>헤더 파일\Include</Filter>
    </ClInclude>
    <ClInclude Include="Scene.h">
      <Filter>소스 파일\Scene</Filter>
    </ClInclude>
    <ClInclude Include="Logo.h">
      <Filter>소스 파일\Scene\Logo</Filter>
    </ClInclude>
    <ClInclude Include="Manu.h">
      <Filter>소스 파일\Scene\Manu</Filter>
    </ClInclude>
    <ClInclude Include="Stage.h">
      <Filter>소스 파일\Scene\Stage</Filter>
    </ClInclude>
  </ItemGroup>
  <ItemGroup>
    <ClCompile Include="SeopStd.cpp">
      <Filter>소스 파일</Filter>
    </ClCompile>
    <ClCompile Include="MainUpdate.cpp">
      <Filter>소스 파일\MainUpdate</Filter>
    </ClCompile>
    <ClCompile Include="GameObject.cpp">
      <Filter>소스 파일\Object</Filter>
    </ClCompile>
    <ClCompile Include="Player.cpp">
      <Filter>소스 파일\Object\Player</Filter>
    </ClCompile>
    <ClCompile Include="Bullet.cpp">
      <Filter>소스 파일\Object\Bullet</Filter>
    </ClCompile>
    <ClCompile Include="Enemy.cpp">
      <Filter>소스 파일\Object\Enemy</Filter>
    </ClCompile>
    <ClCompile Include="ObjectManager.cpp">
      <Filter>소스 파일\Manager\ObjectManager</Filter>
    </ClCompile>
    <ClCompile Include="SceneManager.cpp">
      <Filter>소스 파일\Manager\SceneManager</Filter>
    </ClCompile>
    <ClCompile Include="Scene.cpp">
      <Filter>소스 파일\Scene</Filter>
    </ClCompile>
    <ClCompile Include="Logo.cpp">
      <Filter>소스 파일\Scene\Logo</Filter>
    </ClCompile>
    <ClCompile Include="Manu.cpp">
      <Filter>소스 파일\Scene\Manu</Filter>
    </ClCompile>
    <ClCompile Include="Stage.cpp">
      <Filter>소스 파일\Scene\Stage</Filter>
    </ClCompile>
  </ItemGroup>
  <ItemGroup>
    <ResourceCompile Include="SeopStd.rc">
      <Filter>리소스 파일</Filter>
    </ResourceCompile>
  </ItemGroup>
  <ItemGroup>
    <Image Include="small.ico">
      <Filter>리소스 파일</Filter>
    </Image>
    <Image Include="SeopStd.ico">
      <Filter>리소스 파일</Filter>
    </Image>
  </ItemGroup>
</Project>